
Microsoft Visual Studio Solution File, Format Version 12.00
# Visual Studio Version 16
VisualStudioVersion = 16.0.29519.87
MinimumVisualStudioVersion = 10.0.40219.1
Project("{FAE04EC0-301F-11D3-BF4B-00C04F79EFBC}") = "DataStructuresAndAlgorithm", "DataStructuresAndAlgorithm\DataStructuresAndAlgorithm.csproj", "{B5A9EAEB-881C-42E2-A7AB-1DDB8CF5826B}"
EndProject
Global
	GlobalSection(SolutionConfigurationPlatforms) = preSolution
		Debug|Any CPU = Debug|Any CPU
		Release|Any CPU = Release|Any CPU
	EndGlobalSection
	GlobalSection(ProjectConfigurationPlatforms) = postSolution
		{B5A9EAEB-881C-42E2-A7AB-1DDB8CF5826B}.Debug|Any CPU.ActiveCfg = Debug|Any CPU
		{B5A9EAEB-881C-42E2-A7AB-1DDB8CF5826B}.Debug|Any CPU.Build.0 = Debug|Any CPU
		{B5A9EAEB-881C-42E2-A7AB-1DDB8CF5826B}.Release|Any CPU.ActiveCfg = Release|Any CPU
		{B5A9EAEB-881C-42E2-A7AB-1DDB8CF5826B}.Release|Any CPU.Build.0 = Release|Any CPU
	EndGlobalSection
	GlobalSection(SolutionProperties) = preSolution
		HideSolutionNode = FALSE
	EndGlobalSection
	GlobalSection(ExtensibilityGlobals) = postSolution
		SolutionGuid = {F965DBB3-EE89-4099-B770-0F1547185EBE}
	EndGlobalSection
EndGlobal
